
Microsoft Visual Studio Solution File, Format Version 12.00
# Visual Studio Version 17
VisualStudioVersion = 17.5.33627.172
MinimumVisualStudioVersion = 10.0.40219.1
Project("{9A19103F-16F7-4668-BE54-9A1E7A4F7556}") = "Infra.Web", "Infra.Web\Infra.Web.csproj", "{E6F453B0-06B2-4C5C-8598-C014D39B1CBA}"
	ProjectSection(ProjectDependencies) = postProject
		{94C5F17C-D99B-438C-A8CE-FB6DE6ACD46B} = {94C5F17C-D99B-438C-A8CE-FB6DE6ACD46B}
	EndProjectSection
EndProject
Project("{9A19103F-16F7-4668-BE54-9A1E7A4F7556}") = "Domain", "domain\Domain.csproj", "{94C5F17C-D99B-438C-A8CE-FB6DE6ACD46B}"
EndProject
Project("{9A19103F-16F7-4668-BE54-9A1E7A4F7556}") = "Infra.Persistence", "Infra.Persistence\Infra.Persistence.csproj", "{FF4F2422-2F03-4D90-924E-A5F00FF56876}"
	ProjectSection(ProjectDependencies) = postProject
		{94C5F17C-D99B-438C-A8CE-FB6DE6ACD46B} = {94C5F17C-D99B-438C-A8CE-FB6DE6ACD46B}
	EndProjectSection
EndProject
Global
	GlobalSection(SolutionConfigurationPlatforms) = preSolution
		Debug|Any CPU = Debug|Any CPU
		Release|Any CPU = Release|Any CPU
	EndGlobalSection
	GlobalSection(ProjectConfigurationPlatforms) = postSolution
		{E6F453B0-06B2-4C5C-8598-C014D39B1CBA}.Debug|Any CPU.ActiveCfg = Debug|Any CPU
		{E6F453B0-06B2-4C5C-8598-C014D39B1CBA}.Debug|Any CPU.Build.0 = Debug|Any CPU
		{E6F453B0-06B2-4C5C-8598-C014D39B1CBA}.Release|Any CPU.ActiveCfg = Release|Any CPU
		{E6F453B0-06B2-4C5C-8598-C014D39B1CBA}.Release|Any CPU.Build.0 = Release|Any CPU
		{94C5F17C-D99B-438C-A8CE-FB6DE6ACD46B}.Debug|Any CPU.ActiveCfg = Debug|Any CPU
		{94C5F17C-D99B-438C-A8CE-FB6DE6ACD46B}.Debug|Any CPU.Build.0 = Debug|Any CPU
		{94C5F17C-D99B-438C-A8CE-FB6DE6ACD46B}.Release|Any CPU.ActiveCfg = Release|Any CPU
		{94C5F17C-D99B-438C-A8CE-FB6DE6ACD46B}.Release|Any CPU.Build.0 = Release|Any CPU
		{FF4F2422-2F03-4D90-924E-A5F00FF56876}.Debug|Any CPU.ActiveCfg = Debug|Any CPU
		{FF4F2422-2F03-4D90-924E-A5F00FF56876}.Debug|Any CPU.Build.0 = Debug|Any CPU
		{FF4F2422-2F03-4D90-924E-A5F00FF56876}.Release|Any CPU.ActiveCfg = Release|Any CPU
		{FF4F2422-2F03-4D90-924E-A5F00FF56876}.Release|Any CPU.Build.0 = Release|Any CPU
	EndGlobalSection
	GlobalSection(SolutionProperties) = preSolution
		HideSolutionNode = FALSE
	EndGlobalSection
	GlobalSection(ExtensibilityGlobals) = postSolution
		SolutionGuid = {2365F051-C36C-4BFF-8AB8-470B193B2644}
	EndGlobalSection
EndGlobal
